
Microsoft Visual Studio Solution File, Format Version 12.00
# Visual Studio Version 16
VisualStudioVersion = 16.0.30907.101
MinimumVisualStudioVersion = 10.0.40219.1
Project("{9A19103F-16F7-4668-BE54-9A1E7A4F7556}") = "ConferenceApiTDD", "ConferenceApiTDD\ConferenceApiTDD.csproj", "{C4A39028-AD3B-4176-A0C7-28BDEC8EA01D}"
EndProject
Project("{FAE04EC0-301F-11D3-BF4B-00C04F79EFBC}") = "ConferenceApiTDD.Console", "ConferenceApiTDD.Console\ConferenceApiTDD.Console.csproj", "{63DF12BE-86EB-4982-8450-63A1A6C5FC58}"
EndProject
Project("{FAE04EC0-301F-11D3-BF4B-00C04F79EFBC}") = "ConferenceApiTDD.Test", "ConferenceApiTDD.Test\ConferenceApiTDD.Test.csproj", "{DD731ABC-5F61-4912-8E6C-6B3219C0FB99}"
EndProject
Global
	GlobalSection(SolutionConfigurationPlatforms) = preSolution
		Debug|Any CPU = Debug|Any CPU
		Release|Any CPU = Release|Any CPU
	EndGlobalSection
	GlobalSection(ProjectConfigurationPlatforms) = postSolution
		{C4A39028-AD3B-4176-A0C7-28BDEC8EA01D}.Debug|Any CPU.ActiveCfg = Debug|Any CPU
		{C4A39028-AD3B-4176-A0C7-28BDEC8EA01D}.Debug|Any CPU.Build.0 = Debug|Any CPU
		{C4A39028-AD3B-4176-A0C7-28BDEC8EA01D}.Release|Any CPU.ActiveCfg = Release|Any CPU
		{C4A39028-AD3B-4176-A0C7-28BDEC8EA01D}.Release|Any CPU.Build.0 = Release|Any CPU
		{63DF12BE-86EB-4982-8450-63A1A6C5FC58}.Debug|Any CPU.ActiveCfg = Debug|Any CPU
		{63DF12BE-86EB-4982-8450-63A1A6C5FC58}.Debug|Any CPU.Build.0 = Debug|Any CPU
		{63DF12BE-86EB-4982-8450-63A1A6C5FC58}.Release|Any CPU.ActiveCfg = Release|Any CPU
		{63DF12BE-86EB-4982-8450-63A1A6C5FC58}.Release|Any CPU.Build.0 = Release|Any CPU
		{DD731ABC-5F61-4912-8E6C-6B3219C0FB99}.Debug|Any CPU.ActiveCfg = Debug|Any CPU
		{DD731ABC-5F61-4912-8E6C-6B3219C0FB99}.Debug|Any CPU.Build.0 = Debug|Any CPU
		{DD731ABC-5F61-4912-8E6C-6B3219C0FB99}.Release|Any CPU.ActiveCfg = Release|Any CPU
		{DD731ABC-5F61-4912-8E6C-6B3219C0FB99}.Release|Any CPU.Build.0 = Release|Any CPU
	EndGlobalSection
	GlobalSection(SolutionProperties) = preSolution
		HideSolutionNode = FALSE
	EndGlobalSection
	GlobalSection(ExtensibilityGlobals) = postSolution
		SolutionGuid = {935894B8-1B6D-4CE4-9BAF-B44DF290F34E}
	EndGlobalSection
EndGlobal
